
Microsoft Visual Studio Solution File, Format Version 12.00
# Visual Studio Version 17
VisualStudioVersion = 17.10.35013.160
MinimumVisualStudioVersion = 10.0.40219.1
Project("{9A19103F-16F7-4668-BE54-9A1E7A4F7556}") = "Elevator.App", "Elevator.App\Elevator.App.csproj", "{4E6EA1A7-095E-4FE9-A054-FCD55514F6FD}"
EndProject
Project("{9A19103F-16F7-4668-BE54-9A1E7A4F7556}") = "Elevator.App.Models", "Elevator.App.Models\Elevator.App.Models.csproj", "{EF19ADB3-A0E3-4444-A46D-241CD6EA225F}"
EndProject
Project("{2150E333-8FDC-42A3-9474-1A3956D46DE8}") = "Console.App", "Console.App", "{68946321-3ED7-456B-ABE9-B0A9AA1AE38D}"
EndProject
Project("{2150E333-8FDC-42A3-9474-1A3956D46DE8}") = "Models", "Models", "{55F70AA7-6748-47B3-8CBE-96289FD4D113}"
EndProject
Project("{2150E333-8FDC-42A3-9474-1A3956D46DE8}") = "Data", "Data", "{87D86469-A390-4958-BB37-CA14C3B2AD62}"
EndProject
Project("{2150E333-8FDC-42A3-9474-1A3956D46DE8}") = "Services", "Services", "{7BCD91AD-6CD4-4A85-B744-70505553C546}"
EndProject
Project("{2150E333-8FDC-42A3-9474-1A3956D46DE8}") = "WebAPIs", "WebAPIs", "{8652FF9B-5A56-4AA3-B597-42F4EE5DD1A8}"
EndProject
Project("{FAE04EC0-301F-11D3-BF4B-00C04F79EFBC}") = "ElevatorAppServices", "ProximityCheckService\ElevatorAppServices.csproj", "{CD98F15E-ED01-4987-BD42-8351E60BD821}"
EndProject
Project("{FAE04EC0-301F-11D3-BF4B-00C04F79EFBC}") = "ElevatorAppData", "ElevatorAppData\ElevatorAppData.csproj", "{74F611BC-CAA1-491C-A300-2CC88FCBD2A7}"
EndProject
Project("{FAE04EC0-301F-11D3-BF4B-00C04F79EFBC}") = "ProximityCheckWebAPI", "ProximityCheckWebAPI\ProximityCheckWebAPI.csproj", "{A7BD3BE2-F6E5-4EE1-AB0D-8E5D3D09C7C8}"
EndProject
Project("{FAE04EC0-301F-11D3-BF4B-00C04F79EFBC}") = "LimitCheckWebAPI", "LimitCheckWebAPI\LimitCheckWebAPI.csproj", "{8C751FBC-F6B9-4940-89CA-EE9C3815042C}"
EndProject
Project("{FAE04EC0-301F-11D3-BF4B-00C04F79EFBC}") = "ElevatorStateWebAPI", "ElevatorStateWebAPI\ElevatorStateWebAPI.csproj", "{E89AE735-4AFD-4717-8E62-A02F013E45B8}"
EndProject
Global
	GlobalSection(SolutionConfigurationPlatforms) = preSolution
		Debug|Any CPU = Debug|Any CPU
		Release|Any CPU = Release|Any CPU
	EndGlobalSection
	GlobalSection(ProjectConfigurationPlatforms) = postSolution
		{4E6EA1A7-095E-4FE9-A054-FCD55514F6FD}.Debug|Any CPU.ActiveCfg = Debug|Any CPU
		{4E6EA1A7-095E-4FE9-A054-FCD55514F6FD}.Debug|Any CPU.Build.0 = Debug|Any CPU
		{4E6EA1A7-095E-4FE9-A054-FCD55514F6FD}.Release|Any CPU.ActiveCfg = Release|Any CPU
		{4E6EA1A7-095E-4FE9-A054-FCD55514F6FD}.Release|Any CPU.Build.0 = Release|Any CPU
		{EF19ADB3-A0E3-4444-A46D-241CD6EA225F}.Debug|Any CPU.ActiveCfg = Debug|Any CPU
		{EF19ADB3-A0E3-4444-A46D-241CD6EA225F}.Debug|Any CPU.Build.0 = Debug|Any CPU
		{EF19ADB3-A0E3-4444-A46D-241CD6EA225F}.Release|Any CPU.ActiveCfg = Release|Any CPU
		{EF19ADB3-A0E3-4444-A46D-241CD6EA225F}.Release|Any CPU.Build.0 = Release|Any CPU
		{CD98F15E-ED01-4987-BD42-8351E60BD821}.Debug|Any CPU.ActiveCfg = Debug|Any CPU
		{CD98F15E-ED01-4987-BD42-8351E60BD821}.Debug|Any CPU.Build.0 = Debug|Any CPU
		{CD98F15E-ED01-4987-BD42-8351E60BD821}.Release|Any CPU.ActiveCfg = Release|Any CPU
		{CD98F15E-ED01-4987-BD42-8351E60BD821}.Release|Any CPU.Build.0 = Release|Any CPU
		{74F611BC-CAA1-491C-A300-2CC88FCBD2A7}.Debug|Any CPU.ActiveCfg = Debug|Any CPU
		{74F611BC-CAA1-491C-A300-2CC88FCBD2A7}.Debug|Any CPU.Build.0 = Debug|Any CPU
		{74F611BC-CAA1-491C-A300-2CC88FCBD2A7}.Release|Any CPU.ActiveCfg = Release|Any CPU
		{74F611BC-CAA1-491C-A300-2CC88FCBD2A7}.Release|Any CPU.Build.0 = Release|Any CPU
		{A7BD3BE2-F6E5-4EE1-AB0D-8E5D3D09C7C8}.Debug|Any CPU.ActiveCfg = Debug|Any CPU
		{A7BD3BE2-F6E5-4EE1-AB0D-8E5D3D09C7C8}.Debug|Any CPU.Build.0 = Debug|Any CPU
		{A7BD3BE2-F6E5-4EE1-AB0D-8E5D3D09C7C8}.Release|Any CPU.ActiveCfg = Release|Any CPU
		{A7BD3BE2-F6E5-4EE1-AB0D-8E5D3D09C7C8}.Release|Any CPU.Build.0 = Release|Any CPU
		{8C751FBC-F6B9-4940-89CA-EE9C3815042C}.Debug|Any CPU.ActiveCfg = Debug|Any CPU
		{8C751FBC-F6B9-4940-89CA-EE9C3815042C}.Debug|Any CPU.Build.0 = Debug|Any CPU
		{8C751FBC-F6B9-4940-89CA-EE9C3815042C}.Release|Any CPU.ActiveCfg = Release|Any CPU
		{8C751FBC-F6B9-4940-89CA-EE9C3815042C}.Release|Any CPU.Build.0 = Release|Any CPU
		{E89AE735-4AFD-4717-8E62-A02F013E45B8}.Debug|Any CPU.ActiveCfg = Debug|Any CPU
		{E89AE735-4AFD-4717-8E62-A02F013E45B8}.Debug|Any CPU.Build.0 = Debug|Any CPU
		{E89AE735-4AFD-4717-8E62-A02F013E45B8}.Release|Any CPU.ActiveCfg = Release|Any CPU
		{E89AE735-4AFD-4717-8E62-A02F013E45B8}.Release|Any CPU.Build.0 = Release|Any CPU
	EndGlobalSection
	GlobalSection(SolutionProperties) = preSolution
		HideSolutionNode = FALSE
	EndGlobalSection
	GlobalSection(NestedProjects) = preSolution
		{4E6EA1A7-095E-4FE9-A054-FCD55514F6FD} = {68946321-3ED7-456B-ABE9-B0A9AA1AE38D}
		{EF19ADB3-A0E3-4444-A46D-241CD6EA225F} = {55F70AA7-6748-47B3-8CBE-96289FD4D113}
		{CD98F15E-ED01-4987-BD42-8351E60BD821} = {7BCD91AD-6CD4-4A85-B744-70505553C546}
		{74F611BC-CAA1-491C-A300-2CC88FCBD2A7} = {87D86469-A390-4958-BB37-CA14C3B2AD62}
		{A7BD3BE2-F6E5-4EE1-AB0D-8E5D3D09C7C8} = {8652FF9B-5A56-4AA3-B597-42F4EE5DD1A8}
		{8C751FBC-F6B9-4940-89CA-EE9C3815042C} = {8652FF9B-5A56-4AA3-B597-42F4EE5DD1A8}
		{E89AE735-4AFD-4717-8E62-A02F013E45B8} = {8652FF9B-5A56-4AA3-B597-42F4EE5DD1A8}
	EndGlobalSection
	GlobalSection(ExtensibilityGlobals) = postSolution
		SolutionGuid = {F042D385-CAC6-4C36-871C-EDCC7CE45C73}
	EndGlobalSection
EndGlobal
